
Microsoft Visual Studio Solution File, Format Version 12.00
# Visual Studio Version 16
VisualStudioVersion = 16.0.31112.23
MinimumVisualStudioVersion = 10.0.40219.1
Project("{FAE04EC0-301F-11D3-BF4B-00C04F79EFBC}") = "MovieFav.Android", "MovieFav\MovieFav.Android\MovieFav.Android.csproj", "{556F077C-8810-4260-AA6B-17F8E1875684}"
EndProject
Project("{FAE04EC0-301F-11D3-BF4B-00C04F79EFBC}") = "MovieFav.iOS", "MovieFav\MovieFav.iOS\MovieFav.iOS.csproj", "{A5343CB0-74FD-49A9-AE9A-2174D520AD5F}"
EndProject
Project("{FAE04EC0-301F-11D3-BF4B-00C04F79EFBC}") = "MovieFav", "MovieFav\MovieFav\MovieFav.csproj", "{0C179072-861C-425B-9518-A08383AB9742}"
EndProject
Global
	GlobalSection(SolutionConfigurationPlatforms) = preSolution
		Debug|Any CPU = Debug|Any CPU
		Debug|iPhone = Debug|iPhone
		Debug|iPhoneSimulator = Debug|iPhoneSimulator
		Release|Any CPU = Release|Any CPU
		Release|iPhone = Release|iPhone
		Release|iPhoneSimulator = Release|iPhoneSimulator
	EndGlobalSection
	GlobalSection(ProjectConfigurationPlatforms) = postSolution
		{556F077C-8810-4260-AA6B-17F8E1875684}.Debug|Any CPU.ActiveCfg = Debug|Any CPU
		{556F077C-8810-4260-AA6B-17F8E1875684}.Debug|Any CPU.Build.0 = Debug|Any CPU
		{556F077C-8810-4260-AA6B-17F8E1875684}.Debug|Any CPU.Deploy.0 = Debug|Any CPU
		{556F077C-8810-4260-AA6B-17F8E1875684}.Debug|iPhone.ActiveCfg = Debug|Any CPU
		{556F077C-8810-4260-AA6B-17F8E1875684}.Debug|iPhone.Build.0 = Debug|Any CPU
		{556F077C-8810-4260-AA6B-17F8E1875684}.Debug|iPhone.Deploy.0 = Debug|Any CPU
		{556F077C-8810-4260-AA6B-17F8E1875684}.Debug|iPhoneSimulator.ActiveCfg = Debug|Any CPU
		{556F077C-8810-4260-AA6B-17F8E1875684}.Debug|iPhoneSimulator.Build.0 = Debug|Any CPU
		{556F077C-8810-4260-AA6B-17F8E1875684}.Debug|iPhoneSimulator.Deploy.0 = Debug|Any CPU
		{556F077C-8810-4260-AA6B-17F8E1875684}.Release|Any CPU.ActiveCfg = Release|Any CPU
		{556F077C-8810-4260-AA6B-17F8E1875684}.Release|Any CPU.Build.0 = Release|Any CPU
		{556F077C-8810-4260-AA6B-17F8E1875684}.Release|Any CPU.Deploy.0 = Release|Any CPU
		{556F077C-8810-4260-AA6B-17F8E1875684}.Release|iPhone.ActiveCfg = Release|Any CPU
		{556F077C-8810-4260-AA6B-17F8E1875684}.Release|iPhone.Build.0 = Release|Any CPU
		{556F077C-8810-4260-AA6B-17F8E1875684}.Release|iPhone.Deploy.0 = Release|Any CPU
		{556F077C-8810-4260-AA6B-17F8E1875684}.Release|iPhoneSimulator.ActiveCfg = Release|Any CPU
		{556F077C-8810-4260-AA6B-17F8E1875684}.Release|iPhoneSimulator.Build.0 = Release|Any CPU
		{556F077C-8810-4260-AA6B-17F8E1875684}.Release|iPhoneSimulator.Deploy.0 = Release|Any CPU
		{A5343CB0-74FD-49A9-AE9A-2174D520AD5F}.Debug|Any CPU.ActiveCfg = Debug|iPhone
		{A5343CB0-74FD-49A9-AE9A-2174D520AD5F}.Debug|Any CPU.Build.0 = Debug|iPhone
		{A5343CB0-74FD-49A9-AE9A-2174D520AD5F}.Debug|Any CPU.Deploy.0 = Debug|iPhone
		{A5343CB0-74FD-49A9-AE9A-2174D520AD5F}.Debug|iPhone.ActiveCfg = Debug|iPhone
		{A5343CB0-74FD-49A9-AE9A-2174D520AD5F}.Debug|iPhone.Build.0 = Debug|iPhone
		{A5343CB0-74FD-49A9-AE9A-2174D520AD5F}.Debug|iPhone.Deploy.0 = Debug|iPhone
		{A5343CB0-74FD-49A9-AE9A-2174D520AD5F}.Debug|iPhoneSimulator.ActiveCfg = Debug|iPhoneSimulator
		{A5343CB0-74FD-49A9-AE9A-2174D520AD5F}.Debug|iPhoneSimulator.Build.0 = Debug|iPhoneSimulator
		{A5343CB0-74FD-49A9-AE9A-2174D520AD5F}.Debug|iPhoneSimulator.Deploy.0 = Debug|iPhoneSimulator
		{A5343CB0-74FD-49A9-AE9A-2174D520AD5F}.Release|Any CPU.ActiveCfg = Release|iPhoneSimulator
		{A5343CB0-74FD-49A9-AE9A-2174D520AD5F}.Release|Any CPU.Build.0 = Release|iPhoneSimulator
		{A5343CB0-74FD-49A9-AE9A-2174D520AD5F}.Release|Any CPU.Deploy.0 = Release|iPhoneSimulator
		{A5343CB0-74FD-49A9-AE9A-2174D520AD5F}.Release|iPhone.ActiveCfg = Release|iPhone
		{A5343CB0-74FD-49A9-AE9A-2174D520AD5F}.Release|iPhone.Build.0 = Release|iPhone
		{A5343CB0-74FD-49A9-AE9A-2174D520AD5F}.Release|iPhone.Deploy.0 = Release|iPhone
		{A5343CB0-74FD-49A9-AE9A-2174D520AD5F}.Release|iPhoneSimulator.ActiveCfg = Release|iPhoneSimulator
		{A5343CB0-74FD-49A9-AE9A-2174D520AD5F}.Release|iPhoneSimulator.Build.0 = Release|iPhoneSimulator
		{A5343CB0-74FD-49A9-AE9A-2174D520AD5F}.Release|iPhoneSimulator.Deploy.0 = Release|iPhoneSimulator
		{0C179072-861C-425B-9518-A08383AB9742}.Debug|Any CPU.ActiveCfg = Debug|Any CPU
		{0C179072-861C-425B-9518-A08383AB9742}.Debug|Any CPU.Build.0 = Debug|Any CPU
		{0C179072-861C-425B-9518-A08383AB9742}.Debug|Any CPU.Deploy.0 = Debug|Any CPU
		{0C179072-861C-425B-9518-A08383AB9742}.Debug|iPhone.ActiveCfg = Debug|Any CPU
		{0C179072-861C-425B-9518-A08383AB9742}.Debug|iPhone.Build.0 = Debug|Any CPU
		{0C179072-861C-425B-9518-A08383AB9742}.Debug|iPhone.Deploy.0 = Debug|Any CPU
		{0C179072-861C-425B-9518-A08383AB9742}.Debug|iPhoneSimulator.ActiveCfg = Debug|Any CPU
		{0C179072-861C-425B-9518-A08383AB9742}.Debug|iPhoneSimulator.Build.0 = Debug|Any CPU
		{0C179072-861C-425B-9518-A08383AB9742}.Debug|iPhoneSimulator.Deploy.0 = Debug|Any CPU
		{0C179072-861C-425B-9518-A08383AB9742}.Release|Any CPU.ActiveCfg = Release|Any CPU
		{0C179072-861C-425B-9518-A08383AB9742}.Release|Any CPU.Build.0 = Release|Any CPU
		{0C179072-861C-425B-9518-A08383AB9742}.Release|Any CPU.Deploy.0 = Release|Any CPU
		{0C179072-861C-425B-9518-A08383AB9742}.Release|iPhone.ActiveCfg = Release|Any CPU
		{0C179072-861C-425B-9518-A08383AB9742}.Release|iPhone.Build.0 = Release|Any CPU
		{0C179072-861C-425B-9518-A08383AB9742}.Release|iPhone.Deploy.0 = Release|Any CPU
		{0C179072-861C-425B-9518-A08383AB9742}.Release|iPhoneSimulator.ActiveCfg = Release|Any CPU
		{0C179072-861C-425B-9518-A08383AB9742}.Release|iPhoneSimulator.Build.0 = Release|Any CPU
		{0C179072-861C-425B-9518-A08383AB9742}.Release|iPhoneSimulator.Deploy.0 = Release|Any CPU
	EndGlobalSection
	GlobalSection(SolutionProperties) = preSolution
		HideSolutionNode = FALSE
	EndGlobalSection
	GlobalSection(ExtensibilityGlobals) = postSolution
		SolutionGuid = {5256371A-7B26-4888-B744-4E3244B9CFB0}
	EndGlobalSection
EndGlobal
